// !$*UTF8*$!
{
	archiveVersion = 1;
	classes = {
	};
	objectVersion = 46;
	objects = {

/* Begin PBXBuildFile section */
		AC1B2A471C5CF9A400AE5FFD /* DemoDownloadItem.m in Sources */ = {isa = PBXBuildFile; fileRef = AC1B2A461C5CF9A400AE5FFD /* DemoDownloadItem.m */; };
		AC32704319EA848000ECCD98 /* HWIFileDownloadProgress.m in Sources */ = {isa = PBXBuildFile; fileRef = AC32704219EA848000ECCD98 /* HWIFileDownloadProgress.m */; };
		AC7CEE4B1C7D993800C0BA9D /* DemoDownloadNotifications.m in Sources */ = {isa = PBXBuildFile; fileRef = AC7CEE4A1C7D993800C0BA9D /* DemoDownloadNotifications.m */; };
		AC81B1A41C5F3BF300D722A6 /* FontAwesome.otf in Resources */ = {isa = PBXBuildFile; fileRef = AC81B1A31C5F3BF300D722A6 /* FontAwesome.otf */; };
		ACA04C9919DEA2E300604BBF /* main.m in Sources */ = {isa = PBXBuildFile; fileRef = ACA04C9819DEA2E300604BBF /* main.m */; };
		ACA04C9C19DEA2E300604BBF /* DemoDownloadAppDelegate.m in Sources */ = {isa = PBXBuildFile; fileRef = ACA04C9B19DEA2E300604BBF /* DemoDownloadAppDelegate.m */; };
		ACA04C9F19DEA2E300604BBF /* DemoDownloadTableViewController.m in Sources */ = {isa = PBXBuildFile; fileRef = ACA04C9E19DEA2E300604BBF /* DemoDownloadTableViewController.m */; };
		ACB045BF19E186C000C3B34D /* HWIFileDownloadItem.m in Sources */ = {isa = PBXBuildFile; fileRef = ACB045BC19E186C000C3B34D /* HWIFileDownloadItem.m */; };
		ACB9143B19DEF660006193A6 /* DemoDownloadTableViewCell.xib in Resources */ = {isa = PBXBuildFile; fileRef = ACB9143A19DEF660006193A6 /* DemoDownloadTableViewCell.xib */; };
		ACD1BCC519DEA7CD0066D4A7 /* HWIFileDownloader.m in Sources */ = {isa = PBXBuildFile; fileRef = ACD1BCBB19DEA7CD0066D4A7 /* HWIFileDownloader.m */; };
		ACE9E18919DFFDE60058777C /* DemoDownloadStore.m in Sources */ = {isa = PBXBuildFile; fileRef = ACE9E18819DFFDE60058777C /* DemoDownloadStore.m */; };
		ACF88B701C42C1A000ACD0C7 /* LaunchScreen.storyboard in Resources */ = {isa = PBXBuildFile; fileRef = ACF88B6F1C42C1A000ACD0C7 /* LaunchScreen.storyboard */; };
		ACF88B721C438E3D00ACD0C7 /* AssetCatalog.xcassets in Resources */ = {isa = PBXBuildFile; fileRef = ACF88B711C438E3D00ACD0C7 /* AssetCatalog.xcassets */; };
/* End PBXBuildFile section */

/* Begin PBXFileReference section */
		AC1B2A451C5CF9A400AE5FFD /* DemoDownloadItem.h */ = {isa = PBXFileReference; fileEncoding = 4; lastKnownFileType = sourcecode.c.h; path = DemoDownloadItem.h; sourceTree = "<group>"; };
		AC1B2A461C5CF9A400AE5FFD /* DemoDownloadItem.m */ = {isa = PBXFileReference; fileEncoding = 4; lastKnownFileType = sourcecode.c.objc; path = DemoDownloadItem.m; sourceTree = "<group>"; };
		AC1B2A481C5CFEFF00AE5FFD /* DemoDownloadItemStatus.h */ = {isa = PBXFileReference; fileEncoding = 4; lastKnownFileType = sourcecode.c.h; path = DemoDownloadItemStatus.h; sourceTree = "<group>"; };
		AC32704119EA848000ECCD98 /* HWIFileDownloadProgress.h */ = {isa = PBXFileReference; fileEncoding = 4; lastKnownFileType = sourcecode.c.h; name = HWIFileDownloadProgress.h; path = ../../HWIFileDownloadProgress.h; sourceTree = "<group>"; };
		AC32704219EA848000ECCD98 /* HWIFileDownloadProgress.m */ = {isa = PBXFileReference; fileEncoding = 4; lastKnownFileType = sourcecode.c.objc; name = HWIFileDownloadProgress.m; path = ../../HWIFileDownloadProgress.m; sourceTree = "<group>"; };
		AC7CEE491C7D993800C0BA9D /* DemoDownloadNotifications.h */ = {isa = PBXFileReference; fileEncoding = 4; lastKnownFileType = sourcecode.c.h; path = DemoDownloadNotifications.h; sourceTree = "<group>"; };
		AC7CEE4A1C7D993800C0BA9D /* DemoDownloadNotifications.m */ = {isa = PBXFileReference; fileEncoding = 4; lastKnownFileType = sourcecode.c.objc; path = DemoDownloadNotifications.m; sourceTree = "<group>"; };
		AC81B1A31C5F3BF300D722A6 /* FontAwesome.otf */ = {isa = PBXFileReference; lastKnownFileType = file; path = FontAwesome.otf; sourceTree = "<group>"; };
		ACA04C9319DEA2E300604BBF /* HWIFileDownload.app */ = {isa = PBXFileReference; explicitFileType = wrapper.application; includeInIndex = 0; path = HWIFileDownload.app; sourceTree = BUILT_PRODUCTS_DIR; };
		ACA04C9719DEA2E300604BBF /* Info.plist */ = {isa = PBXFileReference; lastKnownFileType = text.plist.xml; path = Info.plist; sourceTree = "<group>"; };
		ACA04C9819DEA2E300604BBF /* main.m */ = {isa = PBXFileReference; lastKnownFileType = sourcecode.c.objc; path = main.m; sourceTree = "<group>"; };
		ACA04C9A19DEA2E300604BBF /* DemoDownloadAppDelegate.h */ = {isa = PBXFileReference; lastKnownFileType = sourcecode.c.h; path = DemoDownloadAppDelegate.h; sourceTree = "<group>"; };
		ACA04C9B19DEA2E300604BBF /* DemoDownloadAppDelegate.m */ = {isa = PBXFileReference; lastKnownFileType = sourcecode.c.objc; path = DemoDownloadAppDelegate.m; sourceTree = "<group>"; };
		ACA04C9D19DEA2E300604BBF /* DemoDownloadTableViewController.h */ = {isa = PBXFileReference; lastKnownFileType = sourcecode.c.h; path = DemoDownloadTableViewController.h; sourceTree = "<group>"; };
		ACA04C9E19DEA2E300604BBF /* DemoDownloadTableViewController.m */ = {isa = PBXFileReference; lastKnownFileType = sourcecode.c.objc; path = DemoDownloadTableViewController.m; sourceTree = "<group>"; };
		ACB045BB19E186C000C3B34D /* HWIFileDownloadItem.h */ = {isa = PBXFileReference; fileEncoding = 4; lastKnownFileType = sourcecode.c.h; name = HWIFileDownloadItem.h; path = ../../HWIFileDownloadItem.h; sourceTree = "<group>"; };
		ACB045BC19E186C000C3B34D /* HWIFileDownloadItem.m */ = {isa = PBXFileReference; fileEncoding = 4; lastKnownFileType = sourcecode.c.objc; name = HWIFileDownloadItem.m; path = ../../HWIFileDownloadItem.m; sourceTree = "<group>"; };
		ACB9143A19DEF660006193A6 /* DemoDownloadTableViewCell.xib */ = {isa = PBXFileReference; fileEncoding = 4; lastKnownFileType = file.xib; path = DemoDownloadTableViewCell.xib; sourceTree = "<group>"; };
		ACD1BCB819DEA7CD0066D4A7 /* HWIBackgroundSessionCompletionHandlerBlock.h */ = {isa = PBXFileReference; fileEncoding = 4; lastKnownFileType = sourcecode.c.h; name = HWIBackgroundSessionCompletionHandlerBlock.h; path = ../../HWIBackgroundSessionCompletionHandlerBlock.h; sourceTree = "<group>"; };
		ACD1BCB919DEA7CD0066D4A7 /* HWIFileDownloadDelegate.h */ = {isa = PBXFileReference; fileEncoding = 4; lastKnownFileType = sourcecode.c.h; name = HWIFileDownloadDelegate.h; path = ../../HWIFileDownloadDelegate.h; sourceTree = "<group>"; };
		ACD1BCBA19DEA7CD0066D4A7 /* HWIFileDownloader.h */ = {isa = PBXFileReference; fileEncoding = 4; lastKnownFileType = sourcecode.c.h; name = HWIFileDownloader.h; path = ../../HWIFileDownloader.h; sourceTree = "<group>"; };
		ACD1BCBB19DEA7CD0066D4A7 /* HWIFileDownloader.m */ = {isa = PBXFileReference; fileEncoding = 4; lastKnownFileType = sourcecode.c.objc; name = HWIFileDownloader.m; path = ../../HWIFileDownloader.m; sourceTree = "<group>"; };
		ACE9E18719DFFDE60058777C /* DemoDownloadStore.h */ = {isa = PBXFileReference; fileEncoding = 4; lastKnownFileType = sourcecode.c.h; path = DemoDownloadStore.h; sourceTree = "<group>"; };
		ACE9E18819DFFDE60058777C /* DemoDownloadStore.m */ = {isa = PBXFileReference; fileEncoding = 4; lastKnownFileType = sourcecode.c.objc; path = DemoDownloadStore.m; sourceTree = "<group>"; };
		ACF88B6F1C42C1A000ACD0C7 /* LaunchScreen.storyboard */ = {isa = PBXFileReference; fileEncoding = 4; lastKnownFileType = file.storyboard; path = LaunchScreen.storyboard; sourceTree = "<group>"; };
		ACF88B711C438E3D00ACD0C7 /* AssetCatalog.xcassets */ = {isa = PBXFileReference; lastKnownFileType = folder.assetcatalog; path = AssetCatalog.xcassets; sourceTree = "<group>"; };
/* End PBXFileReference section */

/* Begin PBXFrameworksBuildPhase section */
		ACA04C9019DEA2E300604BBF /* Frameworks */ = {
			isa = PBXFrameworksBuildPhase;
			buildActionMask = 2147483647;
			files = (
			);
			runOnlyForDeploymentPostprocessing = 0;
		};
/* End PBXFrameworksBuildPhase section */

/* Begin PBXGroup section */
		ACA04C8A19DEA2E300604BBF = {
			isa = PBXGroup;
			children = (
				ACA04C9519DEA2E300604BBF /* DemoDownloadApp */,
				ACA04C9419DEA2E300604BBF /* Products */,
			);
			sourceTree = "<group>";
		};
		ACA04C9419DEA2E300604BBF /* Products */ = {
			isa = PBXGroup;
			children = (
				ACA04C9319DEA2E300604BBF /* HWIFileDownload.app */,
			);
			name = Products;
			sourceTree = "<group>";
		};
		ACA04C9519DEA2E300604BBF /* DemoDownloadApp */ = {
			isa = PBXGroup;
			children = (
				ACD1BCB719DEA7BB0066D4A7 /* HWIFileDownload */,
				ACA04C9A19DEA2E300604BBF /* DemoDownloadAppDelegate.h */,
				ACA04C9B19DEA2E300604BBF /* DemoDownloadAppDelegate.m */,
				ACE9E18719DFFDE60058777C /* DemoDownloadStore.h */,
				ACE9E18819DFFDE60058777C /* DemoDownloadStore.m */,
				AC1B2A451C5CF9A400AE5FFD /* DemoDownloadItem.h */,
				AC1B2A461C5CF9A400AE5FFD /* DemoDownloadItem.m */,
				AC1B2A481C5CFEFF00AE5FFD /* DemoDownloadItemStatus.h */,
				AC7CEE491C7D993800C0BA9D /* DemoDownloadNotifications.h */,
				AC7CEE4A1C7D993800C0BA9D /* DemoDownloadNotifications.m */,
				ACA04C9D19DEA2E300604BBF /* DemoDownloadTableViewController.h */,
				ACA04C9E19DEA2E300604BBF /* DemoDownloadTableViewController.m */,
				ACB9143A19DEF660006193A6 /* DemoDownloadTableViewCell.xib */,
				ACA04C9619DEA2E300604BBF /* Supporting Files */,
			);
			name = DemoDownloadApp;
			path = HWIFileDownload;
			sourceTree = "<group>";
		};
		ACA04C9619DEA2E300604BBF /* Supporting Files */ = {
			isa = PBXGroup;
			children = (
				AC81B1A31C5F3BF300D722A6 /* FontAwesome.otf */,
				ACA04C9719DEA2E300604BBF /* Info.plist */,
				ACA04C9819DEA2E300604BBF /* main.m */,
				ACF88B6F1C42C1A000ACD0C7 /* LaunchScreen.storyboard */,
				ACF88B711C438E3D00ACD0C7 /* AssetCatalog.xcassets */,
			);
			name = "Supporting Files";
			sourceTree = "<group>";
		};
		ACD1BCB719DEA7BB0066D4A7 /* HWIFileDownload */ = {
			isa = PBXGroup;
			children = (
				ACD1BCB819DEA7CD0066D4A7 /* HWIBackgroundSessionCompletionHandlerBlock.h */,
				ACD1BCB919DEA7CD0066D4A7 /* HWIFileDownloadDelegate.h */,
				ACD1BCBA19DEA7CD0066D4A7 /* HWIFileDownloader.h */,
				ACD1BCBB19DEA7CD0066D4A7 /* HWIFileDownloader.m */,
				ACB045BB19E186C000C3B34D /* HWIFileDownloadItem.h */,
				ACB045BC19E186C000C3B34D /* HWIFileDownloadItem.m */,
				AC32704119EA848000ECCD98 /* HWIFileDownloadProgress.h */,
				AC32704219EA848000ECCD98 /* HWIFileDownloadProgress.m */,
			);
			name = HWIFileDownload;
			sourceTree = "<group>";
		};
/* End PBXGroup section */

/* Begin PBXNativeTarget section */
		ACA04C9219DEA2E300604BBF /* HWIFileDownload */ = {
			isa = PBXNativeTarget;
			buildConfigurationList = ACA04CB919DEA2E300604BBF /* Build configuration list for PBXNativeTarget "HWIFileDownload" */;
			buildPhases = (
				ACA04C8F19DEA2E300604BBF /* Sources */,
				ACA04C9019DEA2E300604BBF /* Frameworks */,
				ACA04C9119DEA2E300604BBF /* Resources */,
			);
			buildRules = (
			);
			dependencies = (
			);
			name = HWIFileDownload;
			productName = HWIFileDownload;
			productReference = ACA04C9319DEA2E300604BBF /* HWIFileDownload.app */;
			productType = "com.apple.product-type.application";
		};
/* End PBXNativeTarget section */

/* Begin PBXProject section */
		ACA04C8B19DEA2E300604BBF /* Project object */ = {
			isa = PBXProject;
			attributes = {
				LastUpgradeCheck = 1010;
				ORGANIZATIONNAME = "Heiko Wichmann";
				TargetAttributes = {
					ACA04C9219DEA2E300604BBF = {
						CreatedOnToolsVersion = 6.0.1;
					};
				};
			};
			buildConfigurationList = ACA04C8E19DEA2E300604BBF /* Build configuration list for PBXProject "HWIFileDownload" */;
			compatibilityVersion = "Xcode 3.2";
			developmentRegion = English;
			hasScannedForEncodings = 0;
			knownRegions = (
				en,
				Base,
			);
			mainGroup = ACA04C8A19DEA2E300604BBF;
			productRefGroup = ACA04C9419DEA2E300604BBF /* Products */;
			projectDirPath = "";
			projectRoot = "";
			targets = (
				ACA04C9219DEA2E300604BBF /* HWIFileDownload */,
			);
		};
/* End PBXProject section */

/* Begin PBXResourcesBuildPhase section */
		ACA04C9119DEA2E300604BBF /* Resources */ = {
			isa = PBXResourcesBuildPhase;
			buildActionMask = 2147483647;
			files = (
				ACF88B721C438E3D00ACD0C7 /* AssetCatalog.xcassets in Resources */,
				ACB9143B19DEF660006193A6 /* DemoDownloadTableViewCell.xib in Resources */,
				AC81B1A41C5F3BF300D722A6 /* FontAwesome.otf in Resources */,
				ACF88B701C42C1A000ACD0C7 /* LaunchScreen.storyboard in Resources */,
			);
			runOnlyForDeploymentPostprocessing = 0;
		};
/* End PBXResourcesBuildPhase section */

/* Begin PBXSourcesBuildPhase section */
		ACA04C8F19DEA2E300604BBF /* Sources */ = {
			isa = PBXSourcesBuildPhase;
			buildActionMask = 2147483647;
			files = (
				AC7CEE4B1C7D993800C0BA9D /* DemoDownloadNotifications.m in Sources */,
				ACA04C9C19DEA2E300604BBF /* DemoDownloadAppDelegate.m in Sources */,
				AC1B2A471C5CF9A400AE5FFD /* DemoDownloadItem.m in Sources */,
				ACB045BF19E186C000C3B34D /* HWIFileDownloadItem.m in Sources */,
				ACA04C9F19DEA2E300604BBF /* DemoDownloadTableViewController.m in Sources */,
				AC32704319EA848000ECCD98 /* HWIFileDownloadProgress.m in Sources */,
				ACE9E18919DFFDE60058777C /* DemoDownloadStore.m in Sources */,
				ACA04C9919DEA2E300604BBF /* main.m in Sources */,
				ACD1BCC519DEA7CD0066D4A7 /* HWIFileDownloader.m in Sources */,
			);
			runOnlyForDeploymentPostprocessing = 0;
		};
/* End PBXSourcesBuildPhase section */

/* Begin XCBuildConfiguration section */
		ACA04CB719DEA2E300604BBF /* Debug */ = {
			isa = XCBuildConfiguration;
			buildSettings = {
				ALWAYS_SEARCH_USER_PATHS = NO;
				CLANG_CXX_LANGUAGE_STANDARD = "gnu++0x";
				CLANG_CXX_LIBRARY = "libc++";
				CLANG_ENABLE_MODULES = YES;
				CLANG_ENABLE_OBJC_ARC = YES;
				CLANG_WARN_BLOCK_CAPTURE_AUTORELEASING = YES;
				CLANG_WARN_BOOL_CONVERSION = YES;
				CLANG_WARN_COMMA = YES;
				CLANG_WARN_CONSTANT_CONVERSION = YES;
				CLANG_WARN_DEPRECATED_OBJC_IMPLEMENTATIONS = YES;
				CLANG_WARN_DIRECT_OBJC_ISA_USAGE = YES_ERROR;
				CLANG_WARN_EMPTY_BODY = YES;
				CLANG_WARN_ENUM_CONVERSION = YES;
				CLANG_WARN_INFINITE_RECURSION = YES;
				CLANG_WARN_INT_CONVERSION = YES;
				CLANG_WARN_NON_LITERAL_NULL_CONVERSION = YES;
				CLANG_WARN_OBJC_IMPLICIT_RETAIN_SELF = YES;
				CLANG_WARN_OBJC_LITERAL_CONVERSION = YES;
				CLANG_WARN_OBJC_ROOT_CLASS = YES_ERROR;
				CLANG_WARN_RANGE_LOOP_ANALYSIS = YES;
				CLANG_WARN_STRICT_PROTOTYPES = YES;
				CLANG_WARN_SUSPICIOUS_MOVE = YES;
				CLANG_WARN_UNREACHABLE_CODE = YES;
				CLANG_WARN__DUPLICATE_METHOD_MATCH = YES;
				"CODE_SIGN_IDENTITY[sdk=iphoneos*]" = "iPhone Developer";
				COPY_PHASE_STRIP = NO;
				ENABLE_STRICT_OBJC_MSGSEND = YES;
				ENABLE_TESTABILITY = YES;
				GCC_C_LANGUAGE_STANDARD = gnu99;
				GCC_DYNAMIC_NO_PIC = NO;
				GCC_NO_COMMON_BLOCKS = YES;
				GCC_OPTIMIZATION_LEVEL = 0;
				GCC_PREPROCESSOR_DEFINITIONS = (
					"DEBUG=1",
					"$(inherited)",
				);
				GCC_SYMBOLS_PRIVATE_EXTERN = NO;
				GCC_WARN_64_TO_32_BIT_CONVERSION = YES;
				GCC_WARN_ABOUT_RETURN_TYPE = YES_ERROR;
				GCC_WARN_UNDECLARED_SELECTOR = YES;
				GCC_WARN_UNINITIALIZED_AUTOS = YES_AGGRESSIVE;
				GCC_WARN_UNUSED_FUNCTION = YES;
				GCC_WARN_UNUSED_VARIABLE = YES;
				IPHONEOS_DEPLOYMENT_TARGET = 8.0;
				MTL_ENABLE_DEBUG_INFO = YES;
				ONLY_ACTIVE_ARCH = YES;
				SDKROOT = iphoneos;
			};
			name = Debug;
		};
		ACA04CB819DEA2E300604BBF /* Release */ = {
			isa = XCBuildConfiguration;
			buildSettings = {
				ALWAYS_SEARCH_USER_PATHS = NO;
				CLANG_CXX_LANGUAGE_STANDARD = "gnu++0x";
				CLANG_CXX_LIBRARY = "libc++";
				CLANG_ENABLE_MODULES = YES;
				CLANG_ENABLE_OBJC_ARC = YES;
				CLANG_WARN_BLOCK_CAPTURE_AUTORELEASING = YES;
				CLANG_WARN_BOOL_CONVERSION = YES;
				CLANG_WARN_COMMA = YES;
				CLANG_WARN_CONSTANT_CONVERSION = YES;
				CLANG_WARN_DEPRECATED_OBJC_IMPLEMENTATIONS = YES;
				CLANG_WARN_DIRECT_OBJC_ISA_USAGE = YES_ERROR;
				CLANG_WARN_EMPTY_BODY = YES;
				CLANG_WARN_ENUM_CONVERSION = YES;
				CLANG_WARN_INFINITE_RECURSION = YES;
				CLANG_WARN_INT_CONVERSION = YES;
				CLANG_WARN_NON_LITERAL_NULL_CONVERSION = YES;
				CLANG_WARN_OBJC_IMPLICIT_RETAIN_SELF = YES;
				CLANG_WARN_OBJC_LITERAL_CONVERSION = YES;
				CLANG_WARN_OBJC_ROOT_CLASS = YES_ERROR;
				CLANG_WARN_RANGE_LOOP_ANALYSIS = YES;
				CLANG_WARN_STRICT_PROTOTYPES = YES;
				CLANG_WARN_SUSPICIOUS_MOVE = YES;
				CLANG_WARN_UNREACHABLE_CODE = YES;
				CLANG_WARN__DUPLICATE_METHOD_MATCH = YES;
				"CODE_SIGN_IDENTITY[sdk=iphoneos*]" = "iPhone Developer";
				COPY_PHASE_STRIP = YES;
				ENABLE_NS_ASSERTIONS = NO;
				ENABLE_STRICT_OBJC_MSGSEND = YES;
				GCC_C_LANGUAGE_STANDARD = gnu99;
				GCC_NO_COMMON_BLOCKS = YES;
				GCC_WARN_64_TO_32_BIT_CONVERSION = YES;
				GCC_WARN_ABOUT_RETURN_TYPE = YES_ERROR;
				GCC_WARN_UNDECLARED_SELECTOR = YES;
				GCC_WARN_UNINITIALIZED_AUTOS = YES_AGGRESSIVE;
				GCC_WARN_UNUSED_FUNCTION = YES;
				GCC_WARN_UNUSED_VARIABLE = YES;
				IPHONEOS_DEPLOYMENT_TARGET = 8.0;
				MTL_ENABLE_DEBUG_INFO = NO;
				SDKROOT = iphoneos;
				VALIDATE_PRODUCT = YES;
			};
			name = Release;
		};
		ACA04CBA19DEA2E300604BBF /* Debug */ = {
			isa = XCBuildConfiguration;
			buildSettings = {
				ASSETCATALOG_COMPILER_APPICON_NAME = AppIcon;
				ASSETCATALOG_COMPILER_LAUNCHIMAGE_NAME = LaunchImage;
				HEADER_SEARCH_PATHS = (
					"$(inherited)",
					/Applications/Xcode.app/Contents/Developer/Toolchains/XcodeDefault.xctoolchain/usr/include,
				);
				INFOPLIST_FILE = HWIFileDownload/Info.plist;
				IPHONEOS_DEPLOYMENT_TARGET = 9.3;
				LD_RUNPATH_SEARCH_PATHS = "$(inherited) @executable_path/Frameworks";
				PRODUCT_BUNDLE_IDENTIFIER = de.imagomat.testapp;
				PRODUCT_NAME = "$(TARGET_NAME)";
			};
			name = Debug;
		};
		ACA04CBB19DEA2E300604BBF /* Release */ = {
			isa = XCBuildConfiguration;
			buildSettings = {
				ASSETCATALOG_COMPILER_APPICON_NAME = AppIcon;
				ASSETCATALOG_COMPILER_LAUNCHIMAGE_NAME = LaunchImage;
				HEADER_SEARCH_PATHS = (
					"$(inherited)",
					/Applications/Xcode.app/Contents/Developer/Toolchains/XcodeDefault.xctoolchain/usr/include,
				);
				INFOPLIST_FILE = HWIFileDownload/Info.plist;
				IPHONEOS_DEPLOYMENT_TARGET = 9.3;
				LD_RUNPATH_SEARCH_PATHS = "$(inherited) @executable_path/Frameworks";
				PRODUCT_BUNDLE_IDENTIFIER = de.imagomat.testapp;
				PRODUCT_NAME = "$(TARGET_NAME)";
			};
			name = Release;
		};
/* End XCBuildConfiguration section */

/* Begin XCConfigurationList section */
		ACA04C8E19DEA2E300604BBF /* Build configuration list for PBXProject "HWIFileDownload" */ = {
			isa = XCConfigurationList;
			buildConfigurations = (
				ACA04CB719DEA2E300604BBF /* Debug */,
				ACA04CB819DEA2E300604BBF /* Release */,
			);
			defaultConfigurationIsVisible = 0;
			defaultConfigurationName = Release;
		};
		ACA04CB919DEA2E300604BBF /* Build configuration list for PBXNativeTarget "HWIFileDownload" */ = {
			isa = XCConfigurationList;
			buildConfigurations = (
				ACA04CBA19DEA2E300604BBF /* Debug */,
				ACA04CBB19DEA2E300604BBF /* Release */,
			);
			defaultConfigurationIsVisible = 0;
			defaultConfigurationName = Release;
		};
/* End XCConfigurationList section */
	};
	rootObject = ACA04C8B19DEA2E300604BBF /* Project object */;
}
